
Microsoft Visual Studio Solution File, Format Version 12.00
# Visual Studio Version 17
VisualStudioVersion = 17.1.32328.378
MinimumVisualStudioVersion = 10.0.40219.1
Project("{9A19103F-16F7-4668-BE54-9A1E7A4F7556}") = "LawFirmView", "LawFirmView\LawFirmView.csproj", "{5B2C5E06-8CFC-409A-83C3-F9A9279F0DCE}"
EndProject
Project("{9A19103F-16F7-4668-BE54-9A1E7A4F7556}") = "LawFirmContracts", "LawFirmContracts\LawFirmContracts.csproj", "{2973A20F-2288-447B-94E6-F47B77F91EFF}"
EndProject
Project("{9A19103F-16F7-4668-BE54-9A1E7A4F7556}") = "LawFirmBusinessLogic", "LawFirmBusinessLogic\LawFirmBusinessLogic.csproj", "{FAC3C668-C8CE-48E4-BE4D-A588BE9DC958}"
EndProject
Project("{9A19103F-16F7-4668-BE54-9A1E7A4F7556}") = "LawFirmFileImplement", "LawFirmFileImplement\LawFirmFileImplement.csproj", "{F0E4F0E0-7D23-4F22-8F4E-2DE17C054273}"
EndProject
Project("{9A19103F-16F7-4668-BE54-9A1E7A4F7556}") = "LawFirmDatabaseImplement", "LawFirmDatabaseImplement\LawFirmDatabaseImplement.csproj", "{602AB309-1FDA-4D5D-ABF3-96B569839428}"
EndProject
Project("{9A19103F-16F7-4668-BE54-9A1E7A4F7556}") = "LawFirmListImplement", "LawFirmListImplement\LawFirmListImplement.csproj", "{FD9D812C-8F77-427B-9902-4AED6A00D5BB}"
EndProject
Project("{FAE04EC0-301F-11D3-BF4B-00C04F79EFBC}") = "LawFirmRestApi", "LawFirmRestApi\LawFirmRestApi.csproj", "{8487AA91-9E9F-4921-ADFA-58FFD335AA01}"
EndProject
Project("{FAE04EC0-301F-11D3-BF4B-00C04F79EFBC}") = "LawFirmClientApp", "LawFirmClientApp\LawFirmClientApp.csproj", "{557AAD78-F30E-4DBA-9405-22DFC6F3004F}"
EndProject
Global
	GlobalSection(SolutionConfigurationPlatforms) = preSolution
		Debug|Any CPU = Debug|Any CPU
		Release|Any CPU = Release|Any CPU
	EndGlobalSection
	GlobalSection(ProjectConfigurationPlatforms) = postSolution
		{5B2C5E06-8CFC-409A-83C3-F9A9279F0DCE}.Debug|Any CPU.ActiveCfg = Debug|Any CPU
		{5B2C5E06-8CFC-409A-83C3-F9A9279F0DCE}.Debug|Any CPU.Build.0 = Debug|Any CPU
		{5B2C5E06-8CFC-409A-83C3-F9A9279F0DCE}.Release|Any CPU.ActiveCfg = Release|Any CPU
		{5B2C5E06-8CFC-409A-83C3-F9A9279F0DCE}.Release|Any CPU.Build.0 = Release|Any CPU
		{2973A20F-2288-447B-94E6-F47B77F91EFF}.Debug|Any CPU.ActiveCfg = Debug|Any CPU
		{2973A20F-2288-447B-94E6-F47B77F91EFF}.Debug|Any CPU.Build.0 = Debug|Any CPU
		{2973A20F-2288-447B-94E6-F47B77F91EFF}.Release|Any CPU.ActiveCfg = Release|Any CPU
		{2973A20F-2288-447B-94E6-F47B77F91EFF}.Release|Any CPU.Build.0 = Release|Any CPU
		{FAC3C668-C8CE-48E4-BE4D-A588BE9DC958}.Debug|Any CPU.ActiveCfg = Debug|Any CPU
		{FAC3C668-C8CE-48E4-BE4D-A588BE9DC958}.Debug|Any CPU.Build.0 = Debug|Any CPU
		{FAC3C668-C8CE-48E4-BE4D-A588BE9DC958}.Release|Any CPU.ActiveCfg = Release|Any CPU
		{FAC3C668-C8CE-48E4-BE4D-A588BE9DC958}.Release|Any CPU.Build.0 = Release|Any CPU
		{F0E4F0E0-7D23-4F22-8F4E-2DE17C054273}.Debug|Any CPU.ActiveCfg = Debug|Any CPU
		{F0E4F0E0-7D23-4F22-8F4E-2DE17C054273}.Debug|Any CPU.Build.0 = Debug|Any CPU
		{F0E4F0E0-7D23-4F22-8F4E-2DE17C054273}.Release|Any CPU.ActiveCfg = Release|Any CPU
		{F0E4F0E0-7D23-4F22-8F4E-2DE17C054273}.Release|Any CPU.Build.0 = Release|Any CPU
		{602AB309-1FDA-4D5D-ABF3-96B569839428}.Debug|Any CPU.ActiveCfg = Debug|Any CPU
		{602AB309-1FDA-4D5D-ABF3-96B569839428}.Debug|Any CPU.Build.0 = Debug|Any CPU
		{602AB309-1FDA-4D5D-ABF3-96B569839428}.Release|Any CPU.ActiveCfg = Release|Any CPU
		{602AB309-1FDA-4D5D-ABF3-96B569839428}.Release|Any CPU.Build.0 = Release|Any CPU
		{FD9D812C-8F77-427B-9902-4AED6A00D5BB}.Debug|Any CPU.ActiveCfg = Debug|Any CPU
		{FD9D812C-8F77-427B-9902-4AED6A00D5BB}.Debug|Any CPU.Build.0 = Debug|Any CPU
		{FD9D812C-8F77-427B-9902-4AED6A00D5BB}.Release|Any CPU.ActiveCfg = Release|Any CPU
		{FD9D812C-8F77-427B-9902-4AED6A00D5BB}.Release|Any CPU.Build.0 = Release|Any CPU
		{8487AA91-9E9F-4921-ADFA-58FFD335AA01}.Debug|Any CPU.ActiveCfg = Debug|Any CPU
		{8487AA91-9E9F-4921-ADFA-58FFD335AA01}.Debug|Any CPU.Build.0 = Debug|Any CPU
		{8487AA91-9E9F-4921-ADFA-58FFD335AA01}.Release|Any CPU.ActiveCfg = Release|Any CPU
		{8487AA91-9E9F-4921-ADFA-58FFD335AA01}.Release|Any CPU.Build.0 = Release|Any CPU
		{557AAD78-F30E-4DBA-9405-22DFC6F3004F}.Debug|Any CPU.ActiveCfg = Debug|Any CPU
		{557AAD78-F30E-4DBA-9405-22DFC6F3004F}.Debug|Any CPU.Build.0 = Debug|Any CPU
		{557AAD78-F30E-4DBA-9405-22DFC6F3004F}.Release|Any CPU.ActiveCfg = Release|Any CPU
		{557AAD78-F30E-4DBA-9405-22DFC6F3004F}.Release|Any CPU.Build.0 = Release|Any CPU
	EndGlobalSection
	GlobalSection(SolutionProperties) = preSolution
		HideSolutionNode = FALSE
	EndGlobalSection
	GlobalSection(ExtensibilityGlobals) = postSolution
		SolutionGuid = {E73D1A58-59EB-4AE2-9DAE-3DE38B9C42FB}
	EndGlobalSection
EndGlobal
